# THIS IS AN AUTOGENERATED FILE. DO NOT EDIT THIS FILE DIRECTLY.
# yarn lockfile v1


husky@^9.0.0:
  version "9.0.1"
  resolved "https://registry.yarnpkg.com/husky/-/husky-9.0.1.tgz#710ed0d06b7fb2f5723ea8db436b632e7aecc284"
  integrity sha512-rXCT8yF2v3awSG03AG6IgICDhJ+m8o3jL1ROwsT4nQZ6urEyKSj0IWFDIh5YC2zgZeAxWksNMbN6rYY4BE1Zrw==

prettier@^3.0.3:
  version "3.0.3"
  resolved "https://registry.yarnpkg.com/prettier/-/prettier-3.0.3.tgz#432a51f7ba422d1469096c0fdc28e235db8f9643"
  integrity sha512-L/4pUDMxcNa8R/EthV08Zt42WBO4h1rarVtK0K+QJG0X187OLo7l699jWw0GKuwzkPQ//jMFA/8Xm6Fh3J/DAg==
